// !$*UTF8*$!
{
	archiveVersion = 1;
	classes = {
	};
	objectVersion = 46;
	objects = {

/* Begin PBXBuildFile section */
		84AD17481A1DE94300ED77BC /* BCCredentialsService.m in Sources */ = {isa = PBXBuildFile; fileRef = 84AD17471A1DE94300ED77BC /* BCCredentialsService.m */; };
		84C515B41A1DCF1A00E2A3E6 /* BCSignUpViewController.m in Sources */ = {isa = PBXBuildFile; fileRef = 84C515B31A1DCF1A00E2A3E6 /* BCSignUpViewController.m */; };
		84E43CB719ECF31A00B3564A /* BCPlistReader.m in Sources */ = {isa = PBXBuildFile; fileRef = 84E43CB619ECF31A00B3564A /* BCPlistReader.m */; };
		84F8559919EBAEBB00729DF9 /* main.m in Sources */ = {isa = PBXBuildFile; fileRef = 84F8559819EBAEBB00729DF9 /* main.m */; };
		84F8559C19EBAEBB00729DF9 /* AppDelegate.m in Sources */ = {isa = PBXBuildFile; fileRef = 84F8559B19EBAEBB00729DF9 /* AppDelegate.m */; };
		84F855A719EBAEBB00729DF9 /* Images.xcassets in Resources */ = {isa = PBXBuildFile; fileRef = 84F855A619EBAEBB00729DF9 /* Images.xcassets */; };
		84F855B619EBAEBB00729DF9 /* todolistTests.m in Sources */ = {isa = PBXBuildFile; fileRef = 84F855B519EBAEBB00729DF9 /* todolistTests.m */; };
		84F855C219EBB01500729DF9 /* BCTodoListViewController.m in Sources */ = {isa = PBXBuildFile; fileRef = 84F855C119EBB01500729DF9 /* BCTodoListViewController.m */; };
		84F855C519EBB05400729DF9 /* BCLoginViewController.m in Sources */ = {isa = PBXBuildFile; fileRef = 84F855C419EBB05400729DF9 /* BCLoginViewController.m */; };
		84F855CC19EBDFC200729DF9 /* BCTodoCustomCell.m in Sources */ = {isa = PBXBuildFile; fileRef = 84F855CB19EBDFC200729DF9 /* BCTodoCustomCell.m */; };
		84F855D219EC1E1000729DF9 /* Main.storyboard in Resources */ = {isa = PBXBuildFile; fileRef = 84F855A319EBAEBB00729DF9 /* Main.storyboard */; };
		84F855D319EC1E1000729DF9 /* LaunchScreen.xib in Resources */ = {isa = PBXBuildFile; fileRef = 84F855A819EBAEBB00729DF9 /* LaunchScreen.xib */; };
		F3589A8619EC07C000BCC2A2 /* MobileCoreServices.framework in Frameworks */ = {isa = PBXBuildFile; fileRef = F3589A8219EC075E00BCC2A2 /* MobileCoreServices.framework */; };
		F3904ACC1A38532900E32E28 /* BitcasaConfig.plist in Resources */ = {isa = PBXBuildFile; fileRef = F3904ACB1A38532900E32E28 /* BitcasaConfig.plist */; };
		F3904B421A3853B400E32E28 /* libBitcasaSDK.a in Frameworks */ = {isa = PBXBuildFile; fileRef = F3904B3B1A38534400E32E28 /* libBitcasaSDK.a */; };
		F39BDFDC19F016F9008C9D39 /* BCTodoItem.m in Sources */ = {isa = PBXBuildFile; fileRef = F39BDFDB19F016F9008C9D39 /* BCTodoItem.m */; };
		F39BDFE219F0D8CA008C9D39 /* BCTodoService.m in Sources */ = {isa = PBXBuildFile; fileRef = F39BDFE119F0D8CA008C9D39 /* BCTodoService.m */; };
		F3CEEC3C19F31C730081F0AC /* BCTodoFileTransfer.m in Sources */ = {isa = PBXBuildFile; fileRef = F3CEEC3B19F31C730081F0AC /* BCTodoFileTransfer.m */; };
/* End PBXBuildFile section */

/* Begin PBXContainerItemProxy section */
		84F855B019EBAEBB00729DF9 /* PBXContainerItemProxy */ = {
			isa = PBXContainerItemProxy;
			containerPortal = 84F8558B19EBAEBB00729DF9 /* Project object */;
			proxyType = 1;
			remoteGlobalIDString = 84F8559219EBAEBB00729DF9;
			remoteInfo = todolist;
		};
		F3904B3A1A38534400E32E28 /* PBXContainerItemProxy */ = {
			isa = PBXContainerItemProxy;
			containerPortal = F3904AFA1A38534300E32E28 /* BitcasaSDK.xcodeproj */;
			proxyType = 2;
			remoteGlobalIDString = 77BEB33119A68F5C00D4BE80;
			remoteInfo = BitcasaSDK;
		};
		F3904B431A38555200E32E28 /* PBXContainerItemProxy */ = {
			isa = PBXContainerItemProxy;
			containerPortal = F3904AFA1A38534300E32E28 /* BitcasaSDK.xcodeproj */;
			proxyType = 1;
			remoteGlobalIDString = 77BEB33019A68F5C00D4BE80;
			remoteInfo = BitcasaSDK;
		};
/* End PBXContainerItemProxy section */

/* Begin PBXFileReference section */
		84AD17461A1DE94300ED77BC /* BCCredentialsService.h */ = {isa = PBXFileReference; fileEncoding = 4; lastKnownFileType = sourcecode.c.h; path = BCCredentialsService.h; sourceTree = "<group>"; };
		84AD17471A1DE94300ED77BC /* BCCredentialsService.m */ = {isa = PBXFileReference; fileEncoding = 4; lastKnownFileType = sourcecode.c.objc; path = BCCredentialsService.m; sourceTree = "<group>"; };
		84C515B21A1DCF1A00E2A3E6 /* BCSignUpViewController.h */ = {isa = PBXFileReference; fileEncoding = 4; lastKnownFileType = sourcecode.c.h; path = BCSignUpViewController.h; sourceTree = "<group>"; };
		84C515B31A1DCF1A00E2A3E6 /* BCSignUpViewController.m */ = {isa = PBXFileReference; fileEncoding = 4; lastKnownFileType = sourcecode.c.objc; path = BCSignUpViewController.m; sourceTree = "<group>"; };
		84C515BC1A1DDA3C00E2A3E6 /* BCUIButtonEventTracking.h */ = {isa = PBXFileReference; fileEncoding = 4; lastKnownFileType = sourcecode.c.h; path = BCUIButtonEventTracking.h; sourceTree = "<group>"; };
		84E43CB519ECF31A00B3564A /* BCPlistReader.h */ = {isa = PBXFileReference; fileEncoding = 4; lastKnownFileType = sourcecode.c.h; path = BCPlistReader.h; sourceTree = "<group>"; };
		84E43CB619ECF31A00B3564A /* BCPlistReader.m */ = {isa = PBXFileReference; fileEncoding = 4; lastKnownFileType = sourcecode.c.objc; path = BCPlistReader.m; sourceTree = "<group>"; };
		84F8559319EBAEBB00729DF9 /* TodoList.app */ = {isa = PBXFileReference; explicitFileType = wrapper.application; includeInIndex = 0; path = TodoList.app; sourceTree = BUILT_PRODUCTS_DIR; };
		84F8559719EBAEBB00729DF9 /* Info.plist */ = {isa = PBXFileReference; lastKnownFileType = text.plist.xml; path = Info.plist; sourceTree = "<group>"; };
		84F8559819EBAEBB00729DF9 /* main.m */ = {isa = PBXFileReference; lastKnownFileType = sourcecode.c.objc; path = main.m; sourceTree = "<group>"; };
		84F8559A19EBAEBB00729DF9 /* AppDelegate.h */ = {isa = PBXFileReference; lastKnownFileType = sourcecode.c.h; path = AppDelegate.h; sourceTree = "<group>"; };
		84F8559B19EBAEBB00729DF9 /* AppDelegate.m */ = {isa = PBXFileReference; lastKnownFileType = sourcecode.c.objc; path = AppDelegate.m; sourceTree = "<group>"; };
		84F855A419EBAEBB00729DF9 /* Base */ = {isa = PBXFileReference; lastKnownFileType = file.storyboard; name = Base; path = Base.lproj/Main.storyboard; sourceTree = "<group>"; };
		84F855A619EBAEBB00729DF9 /* Images.xcassets */ = {isa = PBXFileReference; lastKnownFileType = folder.assetcatalog; path = Images.xcassets; sourceTree = "<group>"; };
		84F855A919EBAEBB00729DF9 /* Base */ = {isa = PBXFileReference; lastKnownFileType = file.xib; name = Base; path = Base.lproj/LaunchScreen.xib; sourceTree = "<group>"; };
		84F855AF19EBAEBB00729DF9 /* TodoListTests.xctest */ = {isa = PBXFileReference; explicitFileType = wrapper.cfbundle; includeInIndex = 0; path = TodoListTests.xctest; sourceTree = BUILT_PRODUCTS_DIR; };
		84F855B419EBAEBB00729DF9 /* Info.plist */ = {isa = PBXFileReference; lastKnownFileType = text.plist.xml; path = Info.plist; sourceTree = "<group>"; };
		84F855B519EBAEBB00729DF9 /* todolistTests.m */ = {isa = PBXFileReference; lastKnownFileType = sourcecode.c.objc; path = todolistTests.m; sourceTree = "<group>"; };
		84F855C019EBB01500729DF9 /* BCTodoListViewController.h */ = {isa = PBXFileReference; fileEncoding = 4; lastKnownFileType = sourcecode.c.h; path = BCTodoListViewController.h; sourceTree = "<group>"; };
		84F855C119EBB01500729DF9 /* BCTodoListViewController.m */ = {isa = PBXFileReference; fileEncoding = 4; lastKnownFileType = sourcecode.c.objc; path = BCTodoListViewController.m; sourceTree = "<group>"; };
		84F855C319EBB05400729DF9 /* BCLoginViewController.h */ = {isa = PBXFileReference; fileEncoding = 4; lastKnownFileType = sourcecode.c.h; path = BCLoginViewController.h; sourceTree = "<group>"; };
		84F855C419EBB05400729DF9 /* BCLoginViewController.m */ = {isa = PBXFileReference; fileEncoding = 4; lastKnownFileType = sourcecode.c.objc; path = BCLoginViewController.m; sourceTree = "<group>"; };
		84F855CA19EBDFC200729DF9 /* BCTodoCustomCell.h */ = {isa = PBXFileReference; fileEncoding = 4; lastKnownFileType = sourcecode.c.h; path = BCTodoCustomCell.h; sourceTree = "<group>"; };
		84F855CB19EBDFC200729DF9 /* BCTodoCustomCell.m */ = {isa = PBXFileReference; fileEncoding = 4; lastKnownFileType = sourcecode.c.objc; path = BCTodoCustomCell.m; sourceTree = "<group>"; };
		F3589A8219EC075E00BCC2A2 /* MobileCoreServices.framework */ = {isa = PBXFileReference; lastKnownFileType = wrapper.framework; name = MobileCoreServices.framework; path = System/Library/Frameworks/MobileCoreServices.framework; sourceTree = SDKROOT; };
		F3904ACB1A38532900E32E28 /* BitcasaConfig.plist */ = {isa = PBXFileReference; fileEncoding = 4; lastKnownFileType = text.plist.xml; name = BitcasaConfig.plist; path = TodoList/BitcasaConfig.plist; sourceTree = SOURCE_ROOT; };
		F3904AFA1A38534300E32E28 /* BitcasaSDK.xcodeproj */ = {isa = PBXFileReference; lastKnownFileType = "wrapper.pb-project"; path = BitcasaSDK.xcodeproj; sourceTree = "<group>"; };
		F39BDFDA19F016F9008C9D39 /* BCTodoItem.h */ = {isa = PBXFileReference; fileEncoding = 4; lastKnownFileType = sourcecode.c.h; name = BCTodoItem.h; path = TodoList/BCTodoItem.h; sourceTree = SOURCE_ROOT; };
		F39BDFDB19F016F9008C9D39 /* BCTodoItem.m */ = {isa = PBXFileReference; fileEncoding = 4; lastKnownFileType = sourcecode.c.objc; name = BCTodoItem.m; path = TodoList/BCTodoItem.m; sourceTree = SOURCE_ROOT; };
		F39BDFE019F0D8CA008C9D39 /* BCTodoService.h */ = {isa = PBXFileReference; fileEncoding = 4; lastKnownFileType = sourcecode.c.h; name = BCTodoService.h; path = TodoList/BCTodoService.h; sourceTree = SOURCE_ROOT; };
		F39BDFE119F0D8CA008C9D39 /* BCTodoService.m */ = {isa = PBXFileReference; fileEncoding = 4; lastKnownFileType = sourcecode.c.objc; name = BCTodoService.m; path = TodoList/BCTodoService.m; sourceTree = SOURCE_ROOT; };
		F3CEEC3A19F31C730081F0AC /* BCTodoFileTransfer.h */ = {isa = PBXFileReference; fileEncoding = 4; lastKnownFileType = sourcecode.c.h; name = BCTodoFileTransfer.h; path = TodoList/BCTodoFileTransfer.h; sourceTree = SOURCE_ROOT; };
		F3CEEC3B19F31C730081F0AC /* BCTodoFileTransfer.m */ = {isa = PBXFileReference; fileEncoding = 4; lastKnownFileType = sourcecode.c.objc; name = BCTodoFileTransfer.m; path = TodoList/BCTodoFileTransfer.m; sourceTree = SOURCE_ROOT; };
/* End PBXFileReference section */

/* Begin PBXFrameworksBuildPhase section */
		84F8559019EBAEBB00729DF9 /* Frameworks */ = {
			isa = PBXFrameworksBuildPhase;
			buildActionMask = 2147483647;
			files = (
				F3904B421A3853B400E32E28 /* libBitcasaSDK.a in Frameworks */,
				F3589A8619EC07C000BCC2A2 /* MobileCoreServices.framework in Frameworks */,
			);
			runOnlyForDeploymentPostprocessing = 0;
		};
		84F855AC19EBAEBB00729DF9 /* Frameworks */ = {
			isa = PBXFrameworksBuildPhase;
			buildActionMask = 2147483647;
			files = (
			);
			runOnlyForDeploymentPostprocessing = 0;
		};
/* End PBXFrameworksBuildPhase section */

/* Begin PBXGroup section */
		84F8558A19EBAEBB00729DF9 = {
			isa = PBXGroup;
			children = (
				84F8559519EBAEBB00729DF9 /* TodoList */,
				84F855B219EBAEBB00729DF9 /* TodoListTests */,
				84F8559419EBAEBB00729DF9 /* Products */,
				F3589A8519EC079200BCC2A2 /* Frameworks */,
			);
			sourceTree = "<group>";
		};
		84F8559419EBAEBB00729DF9 /* Products */ = {
			isa = PBXGroup;
			children = (
				84F8559319EBAEBB00729DF9 /* TodoList.app */,
				84F855AF19EBAEBB00729DF9 /* TodoListTests.xctest */,
			);
			name = Products;
			sourceTree = "<group>";
		};
		84F8559519EBAEBB00729DF9 /* TodoList */ = {
			isa = PBXGroup;
			children = (
				84F8559A19EBAEBB00729DF9 /* AppDelegate.h */,
				84F8559B19EBAEBB00729DF9 /* AppDelegate.m */,
				84AD17461A1DE94300ED77BC /* BCCredentialsService.h */,
				84AD17471A1DE94300ED77BC /* BCCredentialsService.m */,
				84F855C019EBB01500729DF9 /* BCTodoListViewController.h */,
				84F855C119EBB01500729DF9 /* BCTodoListViewController.m */,
				84F855C319EBB05400729DF9 /* BCLoginViewController.h */,
				84F855C419EBB05400729DF9 /* BCLoginViewController.m */,
				84C515B21A1DCF1A00E2A3E6 /* BCSignUpViewController.h */,
				84C515B31A1DCF1A00E2A3E6 /* BCSignUpViewController.m */,
				84C515BC1A1DDA3C00E2A3E6 /* BCUIButtonEventTracking.h */,
				84F855A319EBAEBB00729DF9 /* Main.storyboard */,
				84F855A619EBAEBB00729DF9 /* Images.xcassets */,
				84F855A819EBAEBB00729DF9 /* LaunchScreen.xib */,
				84F855CA19EBDFC200729DF9 /* BCTodoCustomCell.h */,
				84F855CB19EBDFC200729DF9 /* BCTodoCustomCell.m */,
				84E43CB519ECF31A00B3564A /* BCPlistReader.h */,
				84E43CB619ECF31A00B3564A /* BCPlistReader.m */,
				F39BDFDA19F016F9008C9D39 /* BCTodoItem.h */,
				F39BDFDB19F016F9008C9D39 /* BCTodoItem.m */,
				F39BDFE019F0D8CA008C9D39 /* BCTodoService.h */,
				F39BDFE119F0D8CA008C9D39 /* BCTodoService.m */,
				F3CEEC3A19F31C730081F0AC /* BCTodoFileTransfer.h */,
				F3CEEC3B19F31C730081F0AC /* BCTodoFileTransfer.m */,
				84F8559619EBAEBB00729DF9 /* Supporting Files */,
				F3904ACD1A38534300E32E28 /* Libraries */,
			);
			name = TodoList;
			path = todolist;
			sourceTree = "<group>";
		};
		84F8559619EBAEBB00729DF9 /* Supporting Files */ = {
			isa = PBXGroup;
			children = (
				F3904ACB1A38532900E32E28 /* BitcasaConfig.plist */,
				84F8559719EBAEBB00729DF9 /* Info.plist */,
				84F8559819EBAEBB00729DF9 /* main.m */,
			);
			name = "Supporting Files";
			sourceTree = "<group>";
		};
		84F855B219EBAEBB00729DF9 /* TodoListTests */ = {
			isa = PBXGroup;
			children = (
				84F855B519EBAEBB00729DF9 /* todolistTests.m */,
				84F855B319EBAEBB00729DF9 /* Supporting Files */,
			);
			name = TodoListTests;
			path = todolistTests;
			sourceTree = "<group>";
		};
		84F855B319EBAEBB00729DF9 /* Supporting Files */ = {
			isa = PBXGroup;
			children = (
				84F855B419EBAEBB00729DF9 /* Info.plist */,
			);
			name = "Supporting Files";
			sourceTree = "<group>";
		};
		F3589A8519EC079200BCC2A2 /* Frameworks */ = {
			isa = PBXGroup;
			children = (
				F3589A8219EC075E00BCC2A2 /* MobileCoreServices.framework */,
			);
			name = Frameworks;
			sourceTree = "<group>";
		};
		F3904ACD1A38534300E32E28 /* Libraries */ = {
			isa = PBXGroup;
			children = (
				F3904ACE1A38534300E32E28 /* CloudFS-iOS */,
			);
			name = Libraries;
			path = TodoList/Libraries;
			sourceTree = SOURCE_ROOT;
		};
		F3904ACE1A38534300E32E28 /* CloudFS-iOS */ = {
			isa = PBXGroup;
			children = (
				F3904AFA1A38534300E32E28 /* BitcasaSDK.xcodeproj */,
			);
			path = "CloudFS-iOS";
			sourceTree = "<group>";
		};
		F3904AFB1A38534300E32E28 /* Products */ = {
			isa = PBXGroup;
			children = (
				F3904B3B1A38534400E32E28 /* libBitcasaSDK.a */,
			);
			name = Products;
			sourceTree = "<group>";
		};
/* End PBXGroup section */

/* Begin PBXNativeTarget section */
		84F8559219EBAEBB00729DF9 /* TodoList */ = {
			isa = PBXNativeTarget;
			buildConfigurationList = 84F855B919EBAEBB00729DF9 /* Build configuration list for PBXNativeTarget "TodoList" */;
			buildPhases = (
				84F8558F19EBAEBB00729DF9 /* Sources */,
				84F8559019EBAEBB00729DF9 /* Frameworks */,
				84F8559119EBAEBB00729DF9 /* Resources */,
			);
			buildRules = (
			);
			dependencies = (
				F3904B441A38555200E32E28 /* PBXTargetDependency */,
			);
			name = TodoList;
			productName = todolist;
			productReference = 84F8559319EBAEBB00729DF9 /* TodoList.app */;
			productType = "com.apple.product-type.application";
		};
		84F855AE19EBAEBB00729DF9 /* TodoListTests */ = {
			isa = PBXNativeTarget;
			buildConfigurationList = 84F855BC19EBAEBB00729DF9 /* Build configuration list for PBXNativeTarget "TodoListTests" */;
			buildPhases = (
				84F855AB19EBAEBB00729DF9 /* Sources */,
				84F855AC19EBAEBB00729DF9 /* Frameworks */,
				84F855AD19EBAEBB00729DF9 /* Resources */,
			);
			buildRules = (
			);
			dependencies = (
				84F855B119EBAEBB00729DF9 /* PBXTargetDependency */,
			);
			name = TodoListTests;
			productName = todolistTests;
			productReference = 84F855AF19EBAEBB00729DF9 /* TodoListTests.xctest */;
			productType = "com.apple.product-type.bundle.unit-test";
		};
/* End PBXNativeTarget section */

/* Begin PBXProject section */
		84F8558B19EBAEBB00729DF9 /* Project object */ = {
			isa = PBXProject;
			attributes = {
				LastUpgradeCheck = 0600;
				ORGANIZATIONNAME = Bitcasa;
				TargetAttributes = {
					84F8559219EBAEBB00729DF9 = {
						CreatedOnToolsVersion = 6.0.1;
					};
					84F855AE19EBAEBB00729DF9 = {
						CreatedOnToolsVersion = 6.0.1;
						TestTargetID = 84F8559219EBAEBB00729DF9;
					};
				};
			};
			buildConfigurationList = 84F8558E19EBAEBB00729DF9 /* Build configuration list for PBXProject "TodoList" */;
			compatibilityVersion = "Xcode 3.2";
			developmentRegion = English;
			hasScannedForEncodings = 0;
			knownRegions = (
				en,
				Base,
			);
			mainGroup = 84F8558A19EBAEBB00729DF9;
			productRefGroup = 84F8559419EBAEBB00729DF9 /* Products */;
			projectDirPath = "";
			projectReferences = (
				{
					ProductGroup = F3904AFB1A38534300E32E28 /* Products */;
					ProjectRef = F3904AFA1A38534300E32E28 /* BitcasaSDK.xcodeproj */;
				},
			);
			projectRoot = "";
			targets = (
				84F8559219EBAEBB00729DF9 /* TodoList */,
				84F855AE19EBAEBB00729DF9 /* TodoListTests */,
			);
		};
/* End PBXProject section */

/* Begin PBXReferenceProxy section */
		F3904B3B1A38534400E32E28 /* libBitcasaSDK.a */ = {
			isa = PBXReferenceProxy;
			fileType = archive.ar;
			path = libBitcasaSDK.a;
			remoteRef = F3904B3A1A38534400E32E28 /* PBXContainerItemProxy */;
			sourceTree = BUILT_PRODUCTS_DIR;
		};
/* End PBXReferenceProxy section */

/* Begin PBXResourcesBuildPhase section */
		84F8559119EBAEBB00729DF9 /* Resources */ = {
			isa = PBXResourcesBuildPhase;
			buildActionMask = 2147483647;
			files = (
				84F855D219EC1E1000729DF9 /* Main.storyboard in Resources */,
				84F855D319EC1E1000729DF9 /* LaunchScreen.xib in Resources */,
				F3904ACC1A38532900E32E28 /* BitcasaConfig.plist in Resources */,
				84F855A719EBAEBB00729DF9 /* Images.xcassets in Resources */,
			);
			runOnlyForDeploymentPostprocessing = 0;
		};
		84F855AD19EBAEBB00729DF9 /* Resources */ = {
			isa = PBXResourcesBuildPhase;
			buildActionMask = 2147483647;
			files = (
			);
			runOnlyForDeploymentPostprocessing = 0;
		};
/* End PBXResourcesBuildPhase section */

/* Begin PBXSourcesBuildPhase section */
		84F8558F19EBAEBB00729DF9 /* Sources */ = {
			isa = PBXSourcesBuildPhase;
			buildActionMask = 2147483647;
			files = (
				84E43CB719ECF31A00B3564A /* BCPlistReader.m in Sources */,
				84F8559C19EBAEBB00729DF9 /* AppDelegate.m in Sources */,
				84F855C219EBB01500729DF9 /* BCTodoListViewController.m in Sources */,
				F39BDFDC19F016F9008C9D39 /* BCTodoItem.m in Sources */,
				84F8559919EBAEBB00729DF9 /* main.m in Sources */,
				84F855CC19EBDFC200729DF9 /* BCTodoCustomCell.m in Sources */,
				84AD17481A1DE94300ED77BC /* BCCredentialsService.m in Sources */,
				F3CEEC3C19F31C730081F0AC /* BCTodoFileTransfer.m in Sources */,
				F39BDFE219F0D8CA008C9D39 /* BCTodoService.m in Sources */,
				84F855C519EBB05400729DF9 /* BCLoginViewController.m in Sources */,
				84C515B41A1DCF1A00E2A3E6 /* BCSignUpViewController.m in Sources */,
			);
			runOnlyForDeploymentPostprocessing = 0;
		};
		84F855AB19EBAEBB00729DF9 /* Sources */ = {
			isa = PBXSourcesBuildPhase;
			buildActionMask = 2147483647;
			files = (
				84F855B619EBAEBB00729DF9 /* todolistTests.m in Sources */,
			);
			runOnlyForDeploymentPostprocessing = 0;
		};
/* End PBXSourcesBuildPhase section */

/* Begin PBXTargetDependency section */
		84F855B119EBAEBB00729DF9 /* PBXTargetDependency */ = {
			isa = PBXTargetDependency;
			target = 84F8559219EBAEBB00729DF9 /* TodoList */;
			targetProxy = 84F855B019EBAEBB00729DF9 /* PBXContainerItemProxy */;
		};
		F3904B441A38555200E32E28 /* PBXTargetDependency */ = {
			isa = PBXTargetDependency;
			name = BitcasaSDK;
			targetProxy = F3904B431A38555200E32E28 /* PBXContainerItemProxy */;
		};
/* End PBXTargetDependency section */

/* Begin PBXVariantGroup section */
		84F855A319EBAEBB00729DF9 /* Main.storyboard */ = {
			isa = PBXVariantGroup;
			children = (
				84F855A419EBAEBB00729DF9 /* Base */,
			);
			name = Main.storyboard;
			sourceTree = "<group>";
		};
		84F855A819EBAEBB00729DF9 /* LaunchScreen.xib */ = {
			isa = PBXVariantGroup;
			children = (
				84F855A919EBAEBB00729DF9 /* Base */,
			);
			name = LaunchScreen.xib;
			sourceTree = "<group>";
		};
/* End PBXVariantGroup section */

/* Begin XCBuildConfiguration section */
		84F855B719EBAEBB00729DF9 /* Debug */ = {
			isa = XCBuildConfiguration;
			buildSettings = {
				ALWAYS_SEARCH_USER_PATHS = NO;
				CLANG_CXX_LANGUAGE_STANDARD = "gnu++0x";
				CLANG_CXX_LIBRARY = "libc++";
				CLANG_ENABLE_MODULES = YES;
				CLANG_ENABLE_OBJC_ARC = YES;
				CLANG_WARN_BOOL_CONVERSION = YES;
				CLANG_WARN_CONSTANT_CONVERSION = YES;
				CLANG_WARN_DIRECT_OBJC_ISA_USAGE = YES_ERROR;
				CLANG_WARN_EMPTY_BODY = YES;
				CLANG_WARN_ENUM_CONVERSION = YES;
				CLANG_WARN_INT_CONVERSION = YES;
				CLANG_WARN_OBJC_ROOT_CLASS = YES_ERROR;
				CLANG_WARN_UNREACHABLE_CODE = YES;
				CLANG_WARN__DUPLICATE_METHOD_MATCH = YES;
				"CODE_SIGN_IDENTITY[sdk=iphoneos*]" = "iPhone Developer";
				COPY_PHASE_STRIP = NO;
				ENABLE_STRICT_OBJC_MSGSEND = YES;
				GCC_C_LANGUAGE_STANDARD = gnu99;
				GCC_DYNAMIC_NO_PIC = NO;
				GCC_OPTIMIZATION_LEVEL = 0;
				GCC_PREPROCESSOR_DEFINITIONS = (
					"DEBUG=1",
					"$(inherited)",
				);
				GCC_SYMBOLS_PRIVATE_EXTERN = NO;
				GCC_WARN_64_TO_32_BIT_CONVERSION = YES;
				GCC_WARN_ABOUT_RETURN_TYPE = YES_ERROR;
				GCC_WARN_UNDECLARED_SELECTOR = YES;
				GCC_WARN_UNINITIALIZED_AUTOS = YES_AGGRESSIVE;
				GCC_WARN_UNUSED_FUNCTION = YES;
				GCC_WARN_UNUSED_VARIABLE = YES;
				IPHONEOS_DEPLOYMENT_TARGET = 8.0;
				MTL_ENABLE_DEBUG_INFO = YES;
				ONLY_ACTIVE_ARCH = YES;
				SDKROOT = iphoneos;
			};
			name = Debug;
		};
		84F855B819EBAEBB00729DF9 /* Release */ = {
			isa = XCBuildConfiguration;
			buildSettings = {
				ALWAYS_SEARCH_USER_PATHS = NO;
				CLANG_CXX_LANGUAGE_STANDARD = "gnu++0x";
				CLANG_CXX_LIBRARY = "libc++";
				CLANG_ENABLE_MODULES = YES;
				CLANG_ENABLE_OBJC_ARC = YES;
				CLANG_WARN_BOOL_CONVERSION = YES;
				CLANG_WARN_CONSTANT_CONVERSION = YES;
				CLANG_WARN_DIRECT_OBJC_ISA_USAGE = YES_ERROR;
				CLANG_WARN_EMPTY_BODY = YES;
				CLANG_WARN_ENUM_CONVERSION = YES;
				CLANG_WARN_INT_CONVERSION = YES;
				CLANG_WARN_OBJC_ROOT_CLASS = YES_ERROR;
				CLANG_WARN_UNREACHABLE_CODE = YES;
				CLANG_WARN__DUPLICATE_METHOD_MATCH = YES;
				"CODE_SIGN_IDENTITY[sdk=iphoneos*]" = "iPhone Developer";
				COPY_PHASE_STRIP = YES;
				ENABLE_NS_ASSERTIONS = NO;
				ENABLE_STRICT_OBJC_MSGSEND = YES;
				GCC_C_LANGUAGE_STANDARD = gnu99;
				GCC_WARN_64_TO_32_BIT_CONVERSION = YES;
				GCC_WARN_ABOUT_RETURN_TYPE = YES_ERROR;
				GCC_WARN_UNDECLARED_SELECTOR = YES;
				GCC_WARN_UNINITIALIZED_AUTOS = YES_AGGRESSIVE;
				GCC_WARN_UNUSED_FUNCTION = YES;
				GCC_WARN_UNUSED_VARIABLE = YES;
				IPHONEOS_DEPLOYMENT_TARGET = 8.0;
				MTL_ENABLE_DEBUG_INFO = NO;
				SDKROOT = iphoneos;
				VALIDATE_PRODUCT = YES;
			};
			name = Release;
		};
		84F855BA19EBAEBB00729DF9 /* Debug */ = {
			isa = XCBuildConfiguration;
			buildSettings = {
				ASSETCATALOG_COMPILER_APPICON_NAME = AppIcon;
				ASSETCATALOG_COMPILER_LAUNCHIMAGE_NAME = LaunchImage;
				CODE_SIGN_IDENTITY = "iPhone Developer";
				"CODE_SIGN_IDENTITY[sdk=iphoneos*]" = "";
				INFOPLIST_FILE = todolist/Info.plist;
				IPHONEOS_DEPLOYMENT_TARGET = 7.0;
				LD_RUNPATH_SEARCH_PATHS = "$(inherited) @executable_path/Frameworks";
				OTHER_LDFLAGS = "-ObjC";
				PRODUCT_NAME = "$(TARGET_NAME)";
				PROVISIONING_PROFILE = "2a5a43a6-2c82-4007-9ce5-e6d0b33a2cc5";
			};
			name = Debug;
		};
		84F855BB19EBAEBB00729DF9 /* Release */ = {
			isa = XCBuildConfiguration;
			buildSettings = {
				ASSETCATALOG_COMPILER_APPICON_NAME = AppIcon;
				ASSETCATALOG_COMPILER_LAUNCHIMAGE_NAME = LaunchImage;
				CODE_SIGN_IDENTITY = "iPhone Developer";
				"CODE_SIGN_IDENTITY[sdk=iphoneos*]" = "";
				INFOPLIST_FILE = todolist/Info.plist;
				IPHONEOS_DEPLOYMENT_TARGET = 7.0;
				LD_RUNPATH_SEARCH_PATHS = "$(inherited) @executable_path/Frameworks";
				OTHER_LDFLAGS = "-ObjC";
				PRODUCT_NAME = "$(TARGET_NAME)";
				PROVISIONING_PROFILE = "2a5a43a6-2c82-4007-9ce5-e6d0b33a2cc5";
			};
			name = Release;
		};
		84F855BD19EBAEBB00729DF9 /* Debug */ = {
			isa = XCBuildConfiguration;
			buildSettings = {
				BUNDLE_LOADER = "$(TEST_HOST)";
				FRAMEWORK_SEARCH_PATHS = (
					"$(SDKROOT)/Developer/Library/Frameworks",
					"$(inherited)",
				);
				GCC_PREPROCESSOR_DEFINITIONS = (
					"DEBUG=1",
					"$(inherited)",
				);
				INFOPLIST_FILE = todolistTests/Info.plist;
				LD_RUNPATH_SEARCH_PATHS = "$(inherited) @executable_path/Frameworks @loader_path/Frameworks";
				PRODUCT_NAME = "$(TARGET_NAME)";
				TEST_HOST = "$(BUILT_PRODUCTS_DIR)/todolist.app/todolist";
			};
			name = Debug;
		};
		84F855BE19EBAEBB00729DF9 /* Release */ = {
			isa = XCBuildConfiguration;
			buildSettings = {
				BUNDLE_LOADER = "$(TEST_HOST)";
				FRAMEWORK_SEARCH_PATHS = (
					"$(SDKROOT)/Developer/Library/Frameworks",
					"$(inherited)",
				);
				INFOPLIST_FILE = todolistTests/Info.plist;
				LD_RUNPATH_SEARCH_PATHS = "$(inherited) @executable_path/Frameworks @loader_path/Frameworks";
				PRODUCT_NAME = "$(TARGET_NAME)";
				TEST_HOST = "$(BUILT_PRODUCTS_DIR)/todolist.app/todolist";
			};
			name = Release;
		};
/* End XCBuildConfiguration section */

/* Begin XCConfigurationList section */
		84F8558E19EBAEBB00729DF9 /* Build configuration list for PBXProject "TodoList" */ = {
			isa = XCConfigurationList;
			buildConfigurations = (
				84F855B719EBAEBB00729DF9 /* Debug */,
				84F855B819EBAEBB00729DF9 /* Release */,
			);
			defaultConfigurationIsVisible = 0;
			defaultConfigurationName = Release;
		};
		84F855B919EBAEBB00729DF9 /* Build configuration list for PBXNativeTarget "TodoList" */ = {
			isa = XCConfigurationList;
			buildConfigurations = (
				84F855BA19EBAEBB00729DF9 /* Debug */,
				84F855BB19EBAEBB00729DF9 /* Release */,
			);
			defaultConfigurationIsVisible = 0;
			defaultConfigurationName = Release;
		};
		84F855BC19EBAEBB00729DF9 /* Build configuration list for PBXNativeTarget "TodoListTests" */ = {
			isa = XCConfigurationList;
			buildConfigurations = (
				84F855BD19EBAEBB00729DF9 /* Debug */,
				84F855BE19EBAEBB00729DF9 /* Release */,
			);
			defaultConfigurationIsVisible = 0;
			defaultConfigurationName = Release;
		};
/* End XCConfigurationList section */
	};
	rootObject = 84F8558B19EBAEBB00729DF9 /* Project object */;
}
